// !$*UTF8*$!
{
	archiveVersion = 1;
	classes = {
	};
	objectVersion = 56;
	objects = {

/* Begin PBXBuildFile section */
		100000000000000000000101 /* SmartSpectraSwiftApp.swift in Sources */ = {isa = PBXBuildFile; fileRef = 100000000000000000000201 /* SmartSpectraSwiftApp.swift */; };
		100000000000000000000104 /* SmartSpectraRunner.mm in Sources */ = {isa = PBXBuildFile; fileRef = 100000000000000000000204 /* SmartSpectraRunner.mm */; };
		183B7581302377A70078052F /* EmotionalDetectorView.swift in Sources */ = {isa = PBXBuildFile; fileRef = 183B7579302377A70078052F /* EmotionalDetectorView.swift */; };
		183B7582302377A70078052F /* SharedComponents.swift in Sources */ = {isa = PBXBuildFile; fileRef = 183B757E302377A70078052F /* SharedComponents.swift */; };
		183B7583302377A70078052F /* BalloonHuntGameView.swift in Sources */ = {isa = PBXBuildFile; fileRef = 183B7572302377A70078052F /* BalloonHuntGameView.swift */; };
		183B7584302377A70078052F /* RollingBuffer.swift in Sources */ = {isa = PBXBuildFile; fileRef = 183B757D302377A70078052F /* RollingBuffer.swift */; };
		183B7586302377A70078052F /* StressScoringEngine.swift in Sources */ = {isa = PBXBuildFile; fileRef = 183B757F302377A70078052F /* StressScoringEngine.swift */; };
		183B7587302377A70078052F /* DomainModels.swift in Sources */ = {isa = PBXBuildFile; fileRef = 183B7578302377A70078052F /* DomainModels.swift */; };
		183B7588302377A70078052F /* ControlsTabView.swift in Sources */ = {isa = PBXBuildFile; fileRef = 183B7576302377A70078052F /* ControlsTabView.swift */; };
		183B7589302377A70078052F /* GameTabView.swift in Sources */ = {isa = PBXBuildFile; fileRef = 183B757A302377A70078052F /* GameTabView.swift */; };
		183B758A302377A70078052F /* StressVisualizationView.swift in Sources */ = {isa = PBXBuildFile; fileRef = 183B7580302377A70078052F /* StressVisualizationView.swift */; };
		183B758C302377A70078052F /* KeychainCredentialStore.swift in Sources */ = {isa = PBXBuildFile; fileRef = 183B757B302377A70078052F /* KeychainCredentialStore.swift */; };
		183B758D302377A70078052F /* BiometricEngine.swift in Sources */ = {isa = PBXBuildFile; fileRef = 183B7573302377A70078052F /* BiometricEngine.swift */; };
		183B75A0302A43580078052F /* SessionHistoryView.swift in Sources */ = {isa = PBXBuildFile; fileRef = 183B759B302A43580078052F /* SessionHistoryView.swift */; };
		183B75A1302A43580078052F /* SessionReplayView.swift in Sources */ = {isa = PBXBuildFile; fileRef = 183B759E302A43580078052F /* SessionReplayView.swift */; };
		183B75A2302A43580078052F /* SessionStore.swift in Sources */ = {isa = PBXBuildFile; fileRef = 183B759F302A43580078052F /* SessionStore.swift */; };
		183B75A3302A43580078052F /* SessionCSVExporter.swift in Sources */ = {isa = PBXBuildFile; fileRef = 183B759A302A43580078052F /* SessionCSVExporter.swift */; };
		183B75A4302A43580078052F /* SessionRecorder.swift in Sources */ = {isa = PBXBuildFile; fileRef = 183B759D302A43580078052F /* SessionRecorder.swift */; };
		183B75A5302A43580078052F /* SessionModels.swift in Sources */ = {isa = PBXBuildFile; fileRef = 183B759C302A43580078052F /* SessionModels.swift */; };
		183B75B1302A50660078052F /* StressForecast.swift in Sources */ = {isa = PBXBuildFile; fileRef = 183B75AC302A50660078052F /* StressForecast.swift */; };
		183B75B2302A50660078052F /* StressPredictionCoordinator.swift in Sources */ = {isa = PBXBuildFile; fileRef = 183B75AE302A50660078052F /* StressPredictionCoordinator.swift */; };
		183B75B3302A50660078052F /* StressPredictionViews.swift in Sources */ = {isa = PBXBuildFile; fileRef = 183B75AF302A50660078052F /* StressPredictionViews.swift */; };
		183B75B4302A50660078052F /* StressTrendAnalyzer.swift in Sources */ = {isa = PBXBuildFile; fileRef = 183B75B0302A50660078052F /* StressTrendAnalyzer.swift */; };
		183B75B5302A50660078052F /* StressNotificationService.swift in Sources */ = {isa = PBXBuildFile; fileRef = 183B75AD302A50660078052F /* StressNotificationService.swift */; };
		183B75B6302A50660078052F /* InterventionAlertPolicy.swift in Sources */ = {isa = PBXBuildFile; fileRef = 183B75AB302A50660078052F /* InterventionAlertPolicy.swift */; };
		183B75BA302A6E5F0078052F /* ContentView.swift in Sources */ = {isa = PBXBuildFile; fileRef = 183B75B9302A6E5F0078052F /* ContentView.swift */; };
		183B75BB302A6E5F0078052F /* AppModel.swift in Sources */ = {isa = PBXBuildFile; fileRef = 183B75B8302A6E5F0078052F /* AppModel.swift */; };
		183B75C4302A8E940078052F /* InsightModels.swift in Sources */ = {isa = PBXBuildFile; fileRef = 183B75BF302A8E940078052F /* InsightModels.swift */; };
		183B75C5302A8E940078052F /* InsightGenerator.swift in Sources */ = {isa = PBXBuildFile; fileRef = 183B75BE302A8E940078052F /* InsightGenerator.swift */; };
		183B75C6302A8E940078052F /* InsightsDashboardView.swift in Sources */ = {isa = PBXBuildFile; fileRef = 183B75C0302A8E940078052F /* InsightsDashboardView.swift */; };
		183B75C7302A8E940078052F /* CorrelationAnalyzer.swift in Sources */ = {isa = PBXBuildFile; fileRef = 183B75BD302A8E940078052F /* CorrelationAnalyzer.swift */; };
		183B75C8302A8E940078052F /* InsightsViewModel.swift in Sources */ = {isa = PBXBuildFile; fileRef = 183B75C1302A8E940078052F /* InsightsViewModel.swift */; };
		183B75C9302A8E940078052F /* SessionAggregator.swift in Sources */ = {isa = PBXBuildFile; fileRef = 183B75C3302A8E940078052F /* SessionAggregator.swift */; };
		183B75D4302B7AC70078052F /* ProgressRing.swift in Sources */ = {isa = PBXBuildFile; fileRef = 183B75D2302B7AC70078052F /* ProgressRing.swift */; };
		183B75D5302B7AC70078052F /* StreakCalculator.swift in Sources */ = {isa = PBXBuildFile; fileRef = 183B75D3302B7AC70078052F /* StreakCalculator.swift */; };
		183B75D6302B7AC70078052F /* AchievementCatalog.swift in Sources */ = {isa = PBXBuildFile; fileRef = 183B75CB302B7AC70078052F /* AchievementCatalog.swift */; };
		183B75D7302B7AC70078052F /* GoalModels.swift in Sources */ = {isa = PBXBuildFile; fileRef = 183B75CD302B7AC70078052F /* GoalModels.swift */; };
		183B75D8302B7AC70078052F /* GoalsDashboardView.swift in Sources */ = {isa = PBXBuildFile; fileRef = 183B75CF302B7AC70078052F /* GoalsDashboardView.swift */; };
		183B75D9302B7AC70078052F /* GoalsCoordinator.swift in Sources */ = {isa = PBXBuildFile; fileRef = 183B75CE302B7AC70078052F /* GoalsCoordinator.swift */; };
		183B75DA302B7AC70078052F /* GoalEvaluator.swift in Sources */ = {isa = PBXBuildFile; fileRef = 183B75CC302B7AC70078052F /* GoalEvaluator.swift */; };
		183B75DB302B7AC70078052F /* GoalsStore.swift in Sources */ = {isa = PBXBuildFile; fileRef = 183B75D0302B7AC70078052F /* GoalsStore.swift */; };
		183B75E3302B7ED00078052F /* BreathingPacerView.swift in Sources */ = {isa = PBXBuildFile; fileRef = 183B75DF302B7ED00078052F /* BreathingPacerView.swift */; };
		183B75E4302B7ED00078052F /* BreathingTechnique.swift in Sources */ = {isa = PBXBuildFile; fileRef = 183B75E1302B7ED00078052F /* BreathingTechnique.swift */; };
		183B75E5302B7ED00078052F /* BreathingCoordinator.swift in Sources */ = {isa = PBXBuildFile; fileRef = 183B75DD302B7ED00078052F /* BreathingCoordinator.swift */; };
		183B75E6302B7ED00078052F /* BreathingLibraryView.swift in Sources */ = {isa = PBXBuildFile; fileRef = 183B75DE302B7ED00078052F /* BreathingLibraryView.swift */; };
		183B75E7302B7ED00078052F /* BreathingSessionEngine.swift in Sources */ = {isa = PBXBuildFile; fileRef = 183B75E0302B7ED00078052F /* BreathingSessionEngine.swift */; };
		183B75EF302B8D050078052F /* FocusSessionEngine.swift in Sources */ = {isa = PBXBuildFile; fileRef = 183B75EC302B8D050078052F /* FocusSessionEngine.swift */; };
		183B75F0302B8D050078052F /* FocusOverlayView.swift in Sources */ = {isa = PBXBuildFile; fileRef = 183B75EA302B8D050078052F /* FocusOverlayView.swift */; };
		183B75F1302B8D050078052F /* FocusSession.swift in Sources */ = {isa = PBXBuildFile; fileRef = 183B75EB302B8D050078052F /* FocusSession.swift */; };
		183B75F2302B8D050078052F /* FocusTabView.swift in Sources */ = {isa = PBXBuildFile; fileRef = 183B75ED302B8D050078052F /* FocusTabView.swift */; };
		183B75F3302B8D050078052F /* FocusCoordinator.swift in Sources */ = {isa = PBXBuildFile; fileRef = 183B75E9302B8D050078052F /* FocusCoordinator.swift */; };
		183B75FC302CDBFA0078052F /* MeditationSessionEngine.swift in Sources */ = {isa = PBXBuildFile; fileRef = 183B75FA302CDBFA0078052F /* MeditationSessionEngine.swift */; };
		183B75FD302CDBFA0078052F /* MeditationStressComparison.swift in Sources */ = {isa = PBXBuildFile; fileRef = 183B75FB302CDBFA0078052F /* MeditationStressComparison.swift */; };
		183B75FE302CDBFA0078052F /* MeditationLibraryView.swift in Sources */ = {isa = PBXBuildFile; fileRef = 183B75F8302CDBFA0078052F /* MeditationLibraryView.swift */; };
		183B75FF302CDBFA0078052F /* Meditation.swift in Sources */ = {isa = PBXBuildFile; fileRef = 183B75F6302CDBFA0078052F /* Meditation.swift */; };
		183B7600302CDBFA0078052F /* MeditationPlayerView.swift in Sources */ = {isa = PBXBuildFile; fileRef = 183B75F9302CDBFA0078052F /* MeditationPlayerView.swift */; };
		183B7601302CDBFA0078052F /* MeditationCoordinator.swift in Sources */ = {isa = PBXBuildFile; fileRef = 183B75F7302CDBFA0078052F /* MeditationCoordinator.swift */; };
		183B7609302D71F80078052F /* ErgonomicsModels.swift in Sources */ = {isa = PBXBuildFile; fileRef = 183B7604302D71F80078052F /* ErgonomicsModels.swift */; };
		183B760A302D71F80078052F /* ErgonomicsViews.swift in Sources */ = {isa = PBXBuildFile; fileRef = 183B7606302D71F80078052F /* ErgonomicsViews.swift */; };
		183B760B302D71F80078052F /* GazePostureAnalyzer.swift in Sources */ = {isa = PBXBuildFile; fileRef = 183B7607302D71F80078052F /* GazePostureAnalyzer.swift */; };
		183B760C302D71F80078052F /* ErgonomicsCoordinator.swift in Sources */ = {isa = PBXBuildFile; fileRef = 183B7603302D71F80078052F /* ErgonomicsCoordinator.swift */; };
		183B760D302D71F80078052F /* ErgonomicsNudgePolicy.swift in Sources */ = {isa = PBXBuildFile; fileRef = 183B7605302D71F80078052F /* ErgonomicsNudgePolicy.swift */; };
		183B7614302DFB320078052F /* RecoveryCoordinator.swift in Sources */ = {isa = PBXBuildFile; fileRef = 183B7610302DFB320078052F /* RecoveryCoordinator.swift */; };
		183B7615302DFB320078052F /* RecoveryModels.swift in Sources */ = {isa = PBXBuildFile; fileRef = 183B7612302DFB320078052F /* RecoveryModels.swift */; };
		183B7616302DFB320078052F /* RecoveryPanel.swift in Sources */ = {isa = PBXBuildFile; fileRef = 183B7613302DFB320078052F /* RecoveryPanel.swift */; };
		183B7617302DFB320078052F /* RecoveryDetector.swift in Sources */ = {isa = PBXBuildFile; fileRef = 183B7611302DFB320078052F /* RecoveryDetector.swift */; };
		183B761E302E34B60078052F /* SleepModels.swift in Sources */ = {isa = PBXBuildFile; fileRef = 183B761A302E34B60078052F /* SleepModels.swift */; };
		183B761F302E34B60078052F /* SleepStressAnalyzer.swift in Sources */ = {isa = PBXBuildFile; fileRef = 183B761C302E34B60078052F /* SleepStressAnalyzer.swift */; };
		183B7620302E34B60078052F /* SleepTabView.swift in Sources */ = {isa = PBXBuildFile; fileRef = 183B761D302E34B60078052F /* SleepTabView.swift */; };
		183B7621302E34B60078052F /* SleepCoordinator.swift in Sources */ = {isa = PBXBuildFile; fileRef = 183B7619302E34B60078052F /* SleepCoordinator.swift */; };
		183B7622302E34B60078052F /* SleepStore.swift in Sources */ = {isa = PBXBuildFile; fileRef = 183B761B302E34B60078052F /* SleepStore.swift */; };
		183B762A302E38FE0078052F /* HRVAnalyzer.swift in Sources */ = {isa = PBXBuildFile; fileRef = 183B7625302E38FE0078052F /* HRVAnalyzer.swift */; };
		183B762B302E38FE0078052F /* HRVCoordinator.swift in Sources */ = {isa = PBXBuildFile; fileRef = 183B7626302E38FE0078052F /* HRVCoordinator.swift */; };
		183B762C302E38FE0078052F /* BeatDetector.swift in Sources */ = {isa = PBXBuildFile; fileRef = 183B7624302E38FE0078052F /* BeatDetector.swift */; };
		183B762D302E38FE0078052F /* HRVModels.swift in Sources */ = {isa = PBXBuildFile; fileRef = 183B7627302E38FE0078052F /* HRVModels.swift */; };
		183B762E302E38FE0078052F /* HRVTabView.swift in Sources */ = {isa = PBXBuildFile; fileRef = 183B7628302E38FE0078052F /* HRVTabView.swift */; };
/* End PBXBuildFile section */

/* Begin PBXFileReference section */
		100000000000000000000201 /* SmartSpectraSwiftApp.swift */ = {isa = PBXFileReference; lastKnownFileType = sourcecode.swift; path = SmartSpectraSwiftApp.swift; sourceTree = "<group>"; };
		100000000000000000000204 /* SmartSpectraRunner.mm */ = {isa = PBXFileReference; lastKnownFileType = sourcecode.cpp.objcpp; path = SmartSpectraRunner.mm; sourceTree = "<group>"; };
		100000000000000000000205 /* SmartSpectraRunner.h */ = {isa = PBXFileReference; lastKnownFileType = sourcecode.c.h; path = SmartSpectraRunner.h; sourceTree = "<group>"; };
		100000000000000000000206 /* SmartSpectraSwiftBridge.h */ = {isa = PBXFileReference; lastKnownFileType = sourcecode.c.h; path = SmartSpectraSwiftBridge.h; sourceTree = "<group>"; };
		100000000000000000000207 /* Info.plist */ = {isa = PBXFileReference; lastKnownFileType = text.plist.xml; path = Info.plist; sourceTree = "<group>"; };
		100000000000000000000208 /* smartspectra_swift_ui.entitlements */ = {isa = PBXFileReference; lastKnownFileType = text.plist.entitlements; path = smartspectra_swift_ui.entitlements; sourceTree = SOURCE_ROOT; };
		100000000000000000000212 /* README.md */ = {isa = PBXFileReference; lastKnownFileType = net.daringfireball.markdown; path = README.md; sourceTree = SOURCE_ROOT; };
		100000000000000000000213 /* smartspectra_swift_ui.app */ = {isa = PBXFileReference; explicitFileType = wrapper.application; includeInIndex = 0; path = smartspectra_swift_ui.app; sourceTree = BUILT_PRODUCTS_DIR; };
		183B7572302377A70078052F /* BalloonHuntGameView.swift */ = {isa = PBXFileReference; lastKnownFileType = sourcecode.swift; path = BalloonHuntGameView.swift; sourceTree = "<group>"; };
		183B7573302377A70078052F /* BiometricEngine.swift */ = {isa = PBXFileReference; lastKnownFileType = sourcecode.swift; path = BiometricEngine.swift; sourceTree = "<group>"; };
		183B7576302377A70078052F /* ControlsTabView.swift */ = {isa = PBXFileReference; lastKnownFileType = sourcecode.swift; path = ControlsTabView.swift; sourceTree = "<group>"; };
		183B7577302377A70078052F /* DEPLOYMENT.md */ = {isa = PBXFileReference; lastKnownFileType = net.daringfireball.markdown; path = DEPLOYMENT.md; sourceTree = "<group>"; };
		183B7578302377A70078052F /* DomainModels.swift */ = {isa = PBXFileReference; lastKnownFileType = sourcecode.swift; path = DomainModels.swift; sourceTree = "<group>"; };
		183B7579302377A70078052F /* EmotionalDetectorView.swift */ = {isa = PBXFileReference; lastKnownFileType = sourcecode.swift; path = EmotionalDetectorView.swift; sourceTree = "<group>"; };
		183B757A302377A70078052F /* GameTabView.swift */ = {isa = PBXFileReference; lastKnownFileType = sourcecode.swift; path = GameTabView.swift; sourceTree = "<group>"; };
		183B757B302377A70078052F /* KeychainCredentialStore.swift */ = {isa = PBXFileReference; lastKnownFileType = sourcecode.swift; path = KeychainCredentialStore.swift; sourceTree = "<group>"; };
		183B757C302377A70078052F /* README.md */ = {isa = PBXFileReference; lastKnownFileType = net.daringfireball.markdown; path = README.md; sourceTree = "<group>"; };
		183B757D302377A70078052F /* RollingBuffer.swift */ = {isa = PBXFileReference; lastKnownFileType = sourcecode.swift; path = RollingBuffer.swift; sourceTree = "<group>"; };
		183B757E302377A70078052F /* SharedComponents.swift */ = {isa = PBXFileReference; lastKnownFileType = sourcecode.swift; path = SharedComponents.swift; sourceTree = "<group>"; };
		183B757F302377A70078052F /* StressScoringEngine.swift */ = {isa = PBXFileReference; lastKnownFileType = sourcecode.swift; path = StressScoringEngine.swift; sourceTree = "<group>"; };
		183B7580302377A70078052F /* StressVisualizationView.swift */ = {isa = PBXFileReference; lastKnownFileType = sourcecode.swift; path = StressVisualizationView.swift; sourceTree = "<group>"; };
		183B759A302A43580078052F /* SessionCSVExporter.swift */ = {isa = PBXFileReference; lastKnownFileType = sourcecode.swift; path = SessionCSVExporter.swift; sourceTree = "<group>"; };
		183B759B302A43580078052F /* SessionHistoryView.swift */ = {isa = PBXFileReference; lastKnownFileType = sourcecode.swift; path = SessionHistoryView.swift; sourceTree = "<group>"; };
		183B759C302A43580078052F /* SessionModels.swift */ = {isa = PBXFileReference; lastKnownFileType = sourcecode.swift; path = SessionModels.swift; sourceTree = "<group>"; };
		183B759D302A43580078052F /* SessionRecorder.swift */ = {isa = PBXFileReference; lastKnownFileType = sourcecode.swift; path = SessionRecorder.swift; sourceTree = "<group>"; };
		183B759E302A43580078052F /* SessionReplayView.swift */ = {isa = PBXFileReference; lastKnownFileType = sourcecode.swift; path = SessionReplayView.swift; sourceTree = "<group>"; };
		183B759F302A43580078052F /* SessionStore.swift */ = {isa = PBXFileReference; lastKnownFileType = sourcecode.swift; path = SessionStore.swift; sourceTree = "<group>"; };
		183B75AB302A50660078052F /* InterventionAlertPolicy.swift */ = {isa = PBXFileReference; lastKnownFileType = sourcecode.swift; path = InterventionAlertPolicy.swift; sourceTree = "<group>"; };
		183B75AC302A50660078052F /* StressForecast.swift */ = {isa = PBXFileReference; lastKnownFileType = sourcecode.swift; path = StressForecast.swift; sourceTree = "<group>"; };
		183B75AD302A50660078052F /* StressNotificationService.swift */ = {isa = PBXFileReference; lastKnownFileType = sourcecode.swift; path = StressNotificationService.swift; sourceTree = "<group>"; };
		183B75AE302A50660078052F /* StressPredictionCoordinator.swift */ = {isa = PBXFileReference; lastKnownFileType = sourcecode.swift; path = StressPredictionCoordinator.swift; sourceTree = "<group>"; };
		183B75AF302A50660078052F /* StressPredictionViews.swift */ = {isa = PBXFileReference; lastKnownFileType = sourcecode.swift; path = StressPredictionViews.swift; sourceTree = "<group>"; };
		183B75B0302A50660078052F /* StressTrendAnalyzer.swift */ = {isa = PBXFileReference; lastKnownFileType = sourcecode.swift; path = StressTrendAnalyzer.swift; sourceTree = "<group>"; };
		183B75B8302A6E5F0078052F /* AppModel.swift */ = {isa = PBXFileReference; lastKnownFileType = sourcecode.swift; path = AppModel.swift; sourceTree = "<group>"; };
		183B75B9302A6E5F0078052F /* ContentView.swift */ = {isa = PBXFileReference; lastKnownFileType = sourcecode.swift; path = ContentView.swift; sourceTree = "<group>"; };
		183B75BD302A8E940078052F /* CorrelationAnalyzer.swift */ = {isa = PBXFileReference; lastKnownFileType = sourcecode.swift; path = CorrelationAnalyzer.swift; sourceTree = "<group>"; };
		183B75BE302A8E940078052F /* InsightGenerator.swift */ = {isa = PBXFileReference; lastKnownFileType = sourcecode.swift; path = InsightGenerator.swift; sourceTree = "<group>"; };
		183B75BF302A8E940078052F /* InsightModels.swift */ = {isa = PBXFileReference; lastKnownFileType = sourcecode.swift; path = InsightModels.swift; sourceTree = "<group>"; };
		183B75C0302A8E940078052F /* InsightsDashboardView.swift */ = {isa = PBXFileReference; lastKnownFileType = sourcecode.swift; path = InsightsDashboardView.swift; sourceTree = "<group>"; };
		183B75C1302A8E940078052F /* InsightsViewModel.swift */ = {isa = PBXFileReference; lastKnownFileType = sourcecode.swift; path = InsightsViewModel.swift; sourceTree = "<group>"; };
		183B75C3302A8E940078052F /* SessionAggregator.swift */ = {isa = PBXFileReference; lastKnownFileType = sourcecode.swift; path = SessionAggregator.swift; sourceTree = "<group>"; };
		183B75CB302B7AC70078052F /* AchievementCatalog.swift */ = {isa = PBXFileReference; lastKnownFileType = sourcecode.swift; path = AchievementCatalog.swift; sourceTree = "<group>"; };
		183B75CC302B7AC70078052F /* GoalEvaluator.swift */ = {isa = PBXFileReference; lastKnownFileType = sourcecode.swift; path = GoalEvaluator.swift; sourceTree = "<group>"; };
		183B75CD302B7AC70078052F /* GoalModels.swift */ = {isa = PBXFileReference; lastKnownFileType = sourcecode.swift; path = GoalModels.swift; sourceTree = "<group>"; };
		183B75CE302B7AC70078052F /* GoalsCoordinator.swift */ = {isa = PBXFileReference; lastKnownFileType = sourcecode.swift; path = GoalsCoordinator.swift; sourceTree = "<group>"; };
		183B75CF302B7AC70078052F /* GoalsDashboardView.swift */ = {isa = PBXFileReference; lastKnownFileType = sourcecode.swift; path = GoalsDashboardView.swift; sourceTree = "<group>"; };
		183B75D0302B7AC70078052F /* GoalsStore.swift */ = {isa = PBXFileReference; lastKnownFileType = sourcecode.swift; path = GoalsStore.swift; sourceTree = "<group>"; };
		183B75D2302B7AC70078052F /* ProgressRing.swift */ = {isa = PBXFileReference; lastKnownFileType = sourcecode.swift; path = ProgressRing.swift; sourceTree = "<group>"; };
		183B75D3302B7AC70078052F /* StreakCalculator.swift */ = {isa = PBXFileReference; lastKnownFileType = sourcecode.swift; path = StreakCalculator.swift; sourceTree = "<group>"; };
		183B75DD302B7ED00078052F /* BreathingCoordinator.swift */ = {isa = PBXFileReference; lastKnownFileType = sourcecode.swift; path = BreathingCoordinator.swift; sourceTree = "<group>"; };
		183B75DE302B7ED00078052F /* BreathingLibraryView.swift */ = {isa = PBXFileReference; lastKnownFileType = sourcecode.swift; path = BreathingLibraryView.swift; sourceTree = "<group>"; };
		183B75DF302B7ED00078052F /* BreathingPacerView.swift */ = {isa = PBXFileReference; lastKnownFileType = sourcecode.swift; path = BreathingPacerView.swift; sourceTree = "<group>"; };
		183B75E0302B7ED00078052F /* BreathingSessionEngine.swift */ = {isa = PBXFileReference; lastKnownFileType = sourcecode.swift; path = BreathingSessionEngine.swift; sourceTree = "<group>"; };
		183B75E1302B7ED00078052F /* BreathingTechnique.swift */ = {isa = PBXFileReference; lastKnownFileType = sourcecode.swift; path = BreathingTechnique.swift; sourceTree = "<group>"; };
		183B75E9302B8D050078052F /* FocusCoordinator.swift */ = {isa = PBXFileReference; lastKnownFileType = sourcecode.swift; path = FocusCoordinator.swift; sourceTree = "<group>"; };
		183B75EA302B8D050078052F /* FocusOverlayView.swift */ = {isa = PBXFileReference; lastKnownFileType = sourcecode.swift; path = FocusOverlayView.swift; sourceTree = "<group>"; };
		183B75EB302B8D050078052F /* FocusSession.swift */ = {isa = PBXFileReference; lastKnownFileType = sourcecode.swift; path = FocusSession.swift; sourceTree = "<group>"; };
		183B75EC302B8D050078052F /* FocusSessionEngine.swift */ = {isa = PBXFileReference; lastKnownFileType = sourcecode.swift; path = FocusSessionEngine.swift; sourceTree = "<group>"; };
		183B75ED302B8D050078052F /* FocusTabView.swift */ = {isa = PBXFileReference; lastKnownFileType = sourcecode.swift; path = FocusTabView.swift; sourceTree = "<group>"; };
		183B75F6302CDBFA0078052F /* Meditation.swift */ = {isa = PBXFileReference; lastKnownFileType = sourcecode.swift; path = Meditation.swift; sourceTree = "<group>"; };
		183B75F7302CDBFA0078052F /* MeditationCoordinator.swift */ = {isa = PBXFileReference; lastKnownFileType = sourcecode.swift; path = MeditationCoordinator.swift; sourceTree = "<group>"; };
		183B75F8302CDBFA0078052F /* MeditationLibraryView.swift */ = {isa = PBXFileReference; lastKnownFileType = sourcecode.swift; path = MeditationLibraryView.swift; sourceTree = "<group>"; };
		183B75F9302CDBFA0078052F /* MeditationPlayerView.swift */ = {isa = PBXFileReference; lastKnownFileType = sourcecode.swift; path = MeditationPlayerView.swift; sourceTree = "<group>"; };
		183B75FA302CDBFA0078052F /* MeditationSessionEngine.swift */ = {isa = PBXFileReference; lastKnownFileType = sourcecode.swift; path = MeditationSessionEngine.swift; sourceTree = "<group>"; };
		183B75FB302CDBFA0078052F /* MeditationStressComparison.swift */ = {isa = PBXFileReference; lastKnownFileType = sourcecode.swift; path = MeditationStressComparison.swift; sourceTree = "<group>"; };
		183B7603302D71F80078052F /* ErgonomicsCoordinator.swift */ = {isa = PBXFileReference; lastKnownFileType = sourcecode.swift; path = ErgonomicsCoordinator.swift; sourceTree = "<group>"; };
		183B7604302D71F80078052F /* ErgonomicsModels.swift */ = {isa = PBXFileReference; lastKnownFileType = sourcecode.swift; path = ErgonomicsModels.swift; sourceTree = "<group>"; };
		183B7605302D71F80078052F /* ErgonomicsNudgePolicy.swift */ = {isa = PBXFileReference; lastKnownFileType = sourcecode.swift; path = ErgonomicsNudgePolicy.swift; sourceTree = "<group>"; };
		183B7606302D71F80078052F /* ErgonomicsViews.swift */ = {isa = PBXFileReference; lastKnownFileType = sourcecode.swift; path = ErgonomicsViews.swift; sourceTree = "<group>"; };
		183B7607302D71F80078052F /* GazePostureAnalyzer.swift */ = {isa = PBXFileReference; lastKnownFileType = sourcecode.swift; path = GazePostureAnalyzer.swift; sourceTree = "<group>"; };
		183B7610302DFB320078052F /* RecoveryCoordinator.swift */ = {isa = PBXFileReference; lastKnownFileType = sourcecode.swift; path = RecoveryCoordinator.swift; sourceTree = "<group>"; };
		183B7611302DFB320078052F /* RecoveryDetector.swift */ = {isa = PBXFileReference; lastKnownFileType = sourcecode.swift; path = RecoveryDetector.swift; sourceTree = "<group>"; };
		183B7612302DFB320078052F /* RecoveryModels.swift */ = {isa = PBXFileReference; lastKnownFileType = sourcecode.swift; path = RecoveryModels.swift; sourceTree = "<group>"; };
		183B7613302DFB320078052F /* RecoveryPanel.swift */ = {isa = PBXFileReference; lastKnownFileType = sourcecode.swift; path = RecoveryPanel.swift; sourceTree = "<group>"; };
		183B7619302E34B60078052F /* SleepCoordinator.swift */ = {isa = PBXFileReference; lastKnownFileType = sourcecode.swift; path = SleepCoordinator.swift; sourceTree = "<group>"; };
		183B761A302E34B60078052F /* SleepModels.swift */ = {isa = PBXFileReference; lastKnownFileType = sourcecode.swift; path = SleepModels.swift; sourceTree = "<group>"; };
		183B761B302E34B60078052F /* SleepStore.swift */ = {isa = PBXFileReference; lastKnownFileType = sourcecode.swift; path = SleepStore.swift; sourceTree = "<group>"; };
		183B761C302E34B60078052F /* SleepStressAnalyzer.swift */ = {isa = PBXFileReference; lastKnownFileType = sourcecode.swift; path = SleepStressAnalyzer.swift; sourceTree = "<group>"; };
		183B761D302E34B60078052F /* SleepTabView.swift */ = {isa = PBXFileReference; lastKnownFileType = sourcecode.swift; path = SleepTabView.swift; sourceTree = "<group>"; };
		183B7624302E38FE0078052F /* BeatDetector.swift */ = {isa = PBXFileReference; lastKnownFileType = sourcecode.swift; path = BeatDetector.swift; sourceTree = "<group>"; };
		183B7625302E38FE0078052F /* HRVAnalyzer.swift */ = {isa = PBXFileReference; lastKnownFileType = sourcecode.swift; path = HRVAnalyzer.swift; sourceTree = "<group>"; };
		183B7626302E38FE0078052F /* HRVCoordinator.swift */ = {isa = PBXFileReference; lastKnownFileType = sourcecode.swift; path = HRVCoordinator.swift; sourceTree = "<group>"; };
		183B7627302E38FE0078052F /* HRVModels.swift */ = {isa = PBXFileReference; lastKnownFileType = sourcecode.swift; path = HRVModels.swift; sourceTree = "<group>"; };
		183B7628302E38FE0078052F /* HRVTabView.swift */ = {isa = PBXFileReference; lastKnownFileType = sourcecode.swift; path = HRVTabView.swift; sourceTree = "<group>"; };
		183B7629302E38FE0078052F /* INTEGRATION_GUIDE.md */ = {isa = PBXFileReference; lastKnownFileType = net.daringfireball.markdown; path = INTEGRATION_GUIDE.md; sourceTree = "<group>"; };
/* End PBXFileReference section */

/* Begin PBXFrameworksBuildPhase section */
		100000000000000000000301 /* Frameworks */ = {
			isa = PBXFrameworksBuildPhase;
			buildActionMask = 2147483647;
			files = (
			);
			runOnlyForDeploymentPostprocessing = 0;
		};
/* End PBXFrameworksBuildPhase section */

/* Begin PBXGroup section */
		100000000000000000000401 = {
			isa = PBXGroup;
			children = (
				183B75B8302A6E5F0078052F /* AppModel.swift */,
				183B75B9302A6E5F0078052F /* ContentView.swift */,
				100000000000000000000402 /* swift_ui */,
				100000000000000000000208 /* smartspectra_swift_ui.entitlements */,
				100000000000000000000212 /* README.md */,
				100000000000000000000404 /* Products */,
			);
			sourceTree = "<group>";
		};
		100000000000000000000402 /* swift_ui */ = {
			isa = PBXGroup;
			children = (
				183B7623302E38E60078052F /* hrv */,
				183B7618302E34A20078052F /* sleep */,
				183B760E302DFB270078052F /* recovery */,
				183B7602302D71D60078052F /* ergonomics */,
				183B75F4302CDBEC0078052F /* meditate */,
				183B75E8302B8CFA0078052F /* focus */,
				183B75DC302B7E9E0078052F /* breathing */,
				183B75CA302B7ABD0078052F /* goals */,
				183B75BC302A8E6D0078052F /* insights */,
				183B75AA302A50450078052F /* prediction */,
				183B75A6302A43FB0078052F /* session */,
				100000000000000000000201 /* SmartSpectraSwiftApp.swift */,
				100000000000000000000204 /* SmartSpectraRunner.mm */,
				100000000000000000000205 /* SmartSpectraRunner.h */,
				100000000000000000000206 /* SmartSpectraSwiftBridge.h */,
				100000000000000000000207 /* Info.plist */,
				183B7572302377A70078052F /* BalloonHuntGameView.swift */,
				183B7573302377A70078052F /* BiometricEngine.swift */,
				183B7576302377A70078052F /* ControlsTabView.swift */,
				183B7577302377A70078052F /* DEPLOYMENT.md */,
				183B7578302377A70078052F /* DomainModels.swift */,
				183B7579302377A70078052F /* EmotionalDetectorView.swift */,
				183B757A302377A70078052F /* GameTabView.swift */,
				183B757B302377A70078052F /* KeychainCredentialStore.swift */,
				183B757C302377A70078052F /* README.md */,
				183B757D302377A70078052F /* RollingBuffer.swift */,
				183B757E302377A70078052F /* SharedComponents.swift */,
				183B757F302377A70078052F /* StressScoringEngine.swift */,
				183B7580302377A70078052F /* StressVisualizationView.swift */,
			);
			path = swift_ui;
			sourceTree = "<group>";
		};
		100000000000000000000404 /* Products */ = {
			isa = PBXGroup;
			children = (
				100000000000000000000213 /* smartspectra_swift_ui.app */,
			);
			name = Products;
			sourceTree = "<group>";
		};
		183B75A6302A43FB0078052F /* session */ = {
			isa = PBXGroup;
			children = (
				183B759A302A43580078052F /* SessionCSVExporter.swift */,
				183B759B302A43580078052F /* SessionHistoryView.swift */,
				183B759C302A43580078052F /* SessionModels.swift */,
				183B759D302A43580078052F /* SessionRecorder.swift */,
				183B759E302A43580078052F /* SessionReplayView.swift */,
				183B759F302A43580078052F /* SessionStore.swift */,
			);
			path = session;
			sourceTree = "<group>";
		};
		183B75AA302A50450078052F /* prediction */ = {
			isa = PBXGroup;
			children = (
				183B75AB302A50660078052F /* InterventionAlertPolicy.swift */,
				183B75AC302A50660078052F /* StressForecast.swift */,
				183B75AD302A50660078052F /* StressNotificationService.swift */,
				183B75AE302A50660078052F /* StressPredictionCoordinator.swift */,
				183B75AF302A50660078052F /* StressPredictionViews.swift */,
				183B75B0302A50660078052F /* StressTrendAnalyzer.swift */,
			);
			path = prediction;
			sourceTree = "<group>";
		};
		183B75BC302A8E6D0078052F /* insights */ = {
			isa = PBXGroup;
			children = (
				183B75BD302A8E940078052F /* CorrelationAnalyzer.swift */,
				183B75BE302A8E940078052F /* InsightGenerator.swift */,
				183B75BF302A8E940078052F /* InsightModels.swift */,
				183B75C0302A8E940078052F /* InsightsDashboardView.swift */,
				183B75C1302A8E940078052F /* InsightsViewModel.swift */,
				183B75C3302A8E940078052F /* SessionAggregator.swift */,
			);
			path = insights;
			sourceTree = "<group>";
		};
		183B75CA302B7ABD0078052F /* goals */ = {
			isa = PBXGroup;
			children = (
				183B75CB302B7AC70078052F /* AchievementCatalog.swift */,
				183B75CC302B7AC70078052F /* GoalEvaluator.swift */,
				183B75CD302B7AC70078052F /* GoalModels.swift */,
				183B75CE302B7AC70078052F /* GoalsCoordinator.swift */,
				183B75CF302B7AC70078052F /* GoalsDashboardView.swift */,
				183B75D0302B7AC70078052F /* GoalsStore.swift */,
				183B75D2302B7AC70078052F /* ProgressRing.swift */,
				183B75D3302B7AC70078052F /* StreakCalculator.swift */,
			);
			path = goals;
			sourceTree = "<group>";
		};
		183B75DC302B7E9E0078052F /* breathing */ = {
			isa = PBXGroup;
			children = (
				183B75DD302B7ED00078052F /* BreathingCoordinator.swift */,
				183B75DE302B7ED00078052F /* BreathingLibraryView.swift */,
				183B75DF302B7ED00078052F /* BreathingPacerView.swift */,
				183B75E0302B7ED00078052F /* BreathingSessionEngine.swift */,
				183B75E1302B7ED00078052F /* BreathingTechnique.swift */,
			);
			path = breathing;
			sourceTree = "<group>";
		};
		183B75E8302B8CFA0078052F /* focus */ = {
			isa = PBXGroup;
			children = (
				183B75E9302B8D050078052F /* FocusCoordinator.swift */,
				183B75EA302B8D050078052F /* FocusOverlayView.swift */,
				183B75EB302B8D050078052F /* FocusSession.swift */,
				183B75EC302B8D050078052F /* FocusSessionEngine.swift */,
				183B75ED302B8D050078052F /* FocusTabView.swift */,
			);
			path = focus;
			sourceTree = "<group>";
		};
		183B75F4302CDBEC0078052F /* meditate */ = {
			isa = PBXGroup;
			children = (
				183B75F6302CDBFA0078052F /* Meditation.swift */,
				183B75F7302CDBFA0078052F /* MeditationCoordinator.swift */,
				183B75F8302CDBFA0078052F /* MeditationLibraryView.swift */,
				183B75F9302CDBFA0078052F /* MeditationPlayerView.swift */,
				183B75FA302CDBFA0078052F /* MeditationSessionEngine.swift */,
				183B75FB302CDBFA0078052F /* MeditationStressComparison.swift */,
			);
			path = meditate;
			sourceTree = "<group>";
		};
		183B7602302D71D60078052F /* ergonomics */ = {
			isa = PBXGroup;
			children = (
				183B7603302D71F80078052F /* ErgonomicsCoordinator.swift */,
				183B7604302D71F80078052F /* ErgonomicsModels.swift */,
				183B7605302D71F80078052F /* ErgonomicsNudgePolicy.swift */,
				183B7606302D71F80078052F /* ErgonomicsViews.swift */,
				183B7607302D71F80078052F /* GazePostureAnalyzer.swift */,
			);
			path = ergonomics;
			sourceTree = "<group>";
		};
		183B760E302DFB270078052F /* recovery */ = {
			isa = PBXGroup;
			children = (
				183B7610302DFB320078052F /* RecoveryCoordinator.swift */,
				183B7611302DFB320078052F /* RecoveryDetector.swift */,
				183B7612302DFB320078052F /* RecoveryModels.swift */,
				183B7613302DFB320078052F /* RecoveryPanel.swift */,
			);
			path = recovery;
			sourceTree = "<group>";
		};
		183B7618302E34A20078052F /* sleep */ = {
			isa = PBXGroup;
			children = (
				183B7619302E34B60078052F /* SleepCoordinator.swift */,
				183B761A302E34B60078052F /* SleepModels.swift */,
				183B761B302E34B60078052F /* SleepStore.swift */,
				183B761C302E34B60078052F /* SleepStressAnalyzer.swift */,
				183B761D302E34B60078052F /* SleepTabView.swift */,
			);
			path = sleep;
			sourceTree = "<group>";
		};
		183B7623302E38E60078052F /* hrv */ = {
			isa = PBXGroup;
			children = (
				183B7624302E38FE0078052F /* BeatDetector.swift */,
				183B7625302E38FE0078052F /* HRVAnalyzer.swift */,
				183B7626302E38FE0078052F /* HRVCoordinator.swift */,
				183B7627302E38FE0078052F /* HRVModels.swift */,
				183B7628302E38FE0078052F /* HRVTabView.swift */,
				183B7629302E38FE0078052F /* INTEGRATION_GUIDE.md */,
			);
			path = hrv;
			sourceTree = "<group>";
		};
/* End PBXGroup section */

/* Begin PBXNativeTarget section */
		100000000000000000000501 /* smartspectra_swift_ui */ = {
			isa = PBXNativeTarget;
			buildConfigurationList = 100000000000000000000601 /* Build configuration list for PBXNativeTarget "smartspectra_swift_ui" */;
			buildPhases = (
				100000000000000000000702 /* Validate Setup */,
				100000000000000000000701 /* Sources */,
				100000000000000000000301 /* Frameworks */,
			);
			buildRules = (
			);
			dependencies = (
			);
			name = smartspectra_swift_ui;
			productName = smartspectra_swift_ui;
			productReference = 100000000000000000000213 /* smartspectra_swift_ui.app */;
			productType = "com.apple.product-type.application";
		};
/* End PBXNativeTarget section */

/* Begin PBXProject section */
		100000000000000000000801 /* Project object */ = {
			isa = PBXProject;
			attributes = {
				BuildIndependentTargetsInParallel = YES;
				LastSwiftUpdateCheck = 2600;
				LastUpgradeCheck = 2660;
				TargetAttributes = {
					100000000000000000000501 = {
						CreatedOnToolsVersion = 26.0.1;
					};
				};
			};
			buildConfigurationList = 100000000000000000000901 /* Build configuration list for PBXProject "smartspectra_swift_ui" */;
			compatibilityVersion = "Xcode 14.0";
			developmentRegion = en;
			hasScannedForEncodings = 0;
			knownRegions = (
				en,
				Base,
			);
			mainGroup = 100000000000000000000401;
			productRefGroup = 100000000000000000000404 /* Products */;
			projectDirPath = "";
			projectRoot = "";
			targets = (
				100000000000000000000501 /* smartspectra_swift_ui */,
			);
		};
/* End PBXProject section */

/* Begin PBXShellScriptBuildPhase section */
		100000000000000000000702 /* Validate Setup */ = {
			isa = PBXShellScriptBuildPhase;
			alwaysOutOfDate = 1;
			buildActionMask = 2147483647;
			files = (
			);
			inputFileListPaths = (
			);
			inputPaths = (
			);
			name = "Validate Setup";
			outputFileListPaths = (
			);
			outputPaths = (
			);
			runOnlyForDeploymentPostprocessing = 0;
			shellPath = /bin/bash;
			shellScript = "set -euo pipefail\n\nfail() {\n  echo \"error: $1\" >&2\n  exit 1\n}\n\nsdk_root=\"${SMARTSPECTRA_SDK_ROOT:-}\"\nif [[ -z \"$sdk_root\" ]]; then\n  fail \"SmartSpectra SDK not found: SMARTSPECTRA_SDK_ROOT is empty. Set it to the Homebrew prefix that contains SmartSpectra, or to a local SDK install prefix.\"\nfi\n\nif [[ ! -d \"$sdk_root\" ]]; then\n  fail \"SmartSpectra SDK not found: SMARTSPECTRA_SDK_ROOT does not exist: $sdk_root\"\nfi\n\nif [[ ! -f \"$sdk_root/include/smartspectra/smartspectra.h\" ]]; then\n  fail \"SmartSpectra SDK not found at SMARTSPECTRA_SDK_ROOT=$sdk_root. Expected SDK header at $sdk_root/include/smartspectra/smartspectra.h.\"\nfi\n\nif [[ ! -d \"$sdk_root/include/smartspectra/interface\" ]]; then\n  fail \"SmartSpectra SDK not found at SMARTSPECTRA_SDK_ROOT=$sdk_root. Expected SDK interface headers at $sdk_root/include/smartspectra/interface.\"\nfi\n\nif [[ ! -f \"$sdk_root/lib/libsmartspectra.dylib\" ]]; then\n  fail \"SmartSpectra SDK not found at SMARTSPECTRA_SDK_ROOT=$sdk_root. Expected SDK library at $sdk_root/lib/libsmartspectra.dylib.\"\nfi\n\nopencv_include=\"${OPENCV_INCLUDE_DIR:-}\"\nif [[ -z \"$opencv_include\" || ! -f \"$opencv_include/opencv2/opencv.hpp\" ]]; then\n  fail \"Missing OpenCV headers under OPENCV_INCLUDE_DIR=$opencv_include. Install OpenCV with Homebrew or set HOMEBREW_PREFIX to the prefix that contains it.\"\nfi\n";
		};
/* End PBXShellScriptBuildPhase section */

/* Begin PBXSourcesBuildPhase section */
		100000000000000000000701 /* Sources */ = {
			isa = PBXSourcesBuildPhase;
			buildActionMask = 2147483647;
			files = (
				183B7581302377A70078052F /* EmotionalDetectorView.swift in Sources */,
				183B75A0302A43580078052F /* SessionHistoryView.swift in Sources */,
				183B75A1302A43580078052F /* SessionReplayView.swift in Sources */,
				183B75A2302A43580078052F /* SessionStore.swift in Sources */,
				183B75A3302A43580078052F /* SessionCSVExporter.swift in Sources */,
				183B75A4302A43580078052F /* SessionRecorder.swift in Sources */,
				183B75A5302A43580078052F /* SessionModels.swift in Sources */,
				183B7582302377A70078052F /* SharedComponents.swift in Sources */,
				183B75B1302A50660078052F /* StressForecast.swift in Sources */,
				183B75BA302A6E5F0078052F /* ContentView.swift in Sources */,
				183B75BB302A6E5F0078052F /* AppModel.swift in Sources */,
				183B75B2302A50660078052F /* StressPredictionCoordinator.swift in Sources */,
				183B75B3302A50660078052F /* StressPredictionViews.swift in Sources */,
				183B75B4302A50660078052F /* StressTrendAnalyzer.swift in Sources */,
				183B75EF302B8D050078052F /* FocusSessionEngine.swift in Sources */,
				183B75F0302B8D050078052F /* FocusOverlayView.swift in Sources */,
				183B75F1302B8D050078052F /* FocusSession.swift in Sources */,
				183B75F2302B8D050078052F /* FocusTabView.swift in Sources */,
				183B75F3302B8D050078052F /* FocusCoordinator.swift in Sources */,
				183B75B5302A50660078052F /* StressNotificationService.swift in Sources */,
				183B75B6302A50660078052F /* InterventionAlertPolicy.swift in Sources */,
				183B761E302E34B60078052F /* SleepModels.swift in Sources */,
				183B761F302E34B60078052F /* SleepStressAnalyzer.swift in Sources */,
				183B7620302E34B60078052F /* SleepTabView.swift in Sources */,
				183B7621302E34B60078052F /* SleepCoordinator.swift in Sources */,
				183B7622302E34B60078052F /* SleepStore.swift in Sources */,
				183B7583302377A70078052F /* BalloonHuntGameView.swift in Sources */,
				183B7584302377A70078052F /* RollingBuffer.swift in Sources */,
				183B7586302377A70078052F /* StressScoringEngine.swift in Sources */,
				183B75C4302A8E940078052F /* InsightModels.swift in Sources */,
				183B75C5302A8E940078052F /* InsightGenerator.swift in Sources */,
				183B75C6302A8E940078052F /* InsightsDashboardView.swift in Sources */,
				183B75C7302A8E940078052F /* CorrelationAnalyzer.swift in Sources */,
				183B75C8302A8E940078052F /* InsightsViewModel.swift in Sources */,
				183B75C9302A8E940078052F /* SessionAggregator.swift in Sources */,
				183B7587302377A70078052F /* DomainModels.swift in Sources */,
				183B7588302377A70078052F /* ControlsTabView.swift in Sources */,
				183B7589302377A70078052F /* GameTabView.swift in Sources */,
				183B758A302377A70078052F /* StressVisualizationView.swift in Sources */,
				183B75D4302B7AC70078052F /* ProgressRing.swift in Sources */,
				183B75D5302B7AC70078052F /* StreakCalculator.swift in Sources */,
				183B75D6302B7AC70078052F /* AchievementCatalog.swift in Sources */,
				183B75D7302B7AC70078052F /* GoalModels.swift in Sources */,
				183B762A302E38FE0078052F /* HRVAnalyzer.swift in Sources */,
				183B762B302E38FE0078052F /* HRVCoordinator.swift in Sources */,
				183B762C302E38FE0078052F /* BeatDetector.swift in Sources */,
				183B762D302E38FE0078052F /* HRVModels.swift in Sources */,
				183B762E302E38FE0078052F /* HRVTabView.swift in Sources */,
				183B75D8302B7AC70078052F /* GoalsDashboardView.swift in Sources */,
				183B75D9302B7AC70078052F /* GoalsCoordinator.swift in Sources */,
				183B75DA302B7AC70078052F /* GoalEvaluator.swift in Sources */,
				183B7609302D71F80078052F /* ErgonomicsModels.swift in Sources */,
				183B760A302D71F80078052F /* ErgonomicsViews.swift in Sources */,
				183B760B302D71F80078052F /* GazePostureAnalyzer.swift in Sources */,
				183B760C302D71F80078052F /* ErgonomicsCoordinator.swift in Sources */,
				183B760D302D71F80078052F /* ErgonomicsNudgePolicy.swift in Sources */,
				183B75DB302B7AC70078052F /* GoalsStore.swift in Sources */,
				183B758C302377A70078052F /* KeychainCredentialStore.swift in Sources */,
				183B75E3302B7ED00078052F /* BreathingPacerView.swift in Sources */,
				183B75E4302B7ED00078052F /* BreathingTechnique.swift in Sources */,
				183B75E5302B7ED00078052F /* BreathingCoordinator.swift in Sources */,
				183B75E6302B7ED00078052F /* BreathingLibraryView.swift in Sources */,
				183B75E7302B7ED00078052F /* BreathingSessionEngine.swift in Sources */,
				183B75FC302CDBFA0078052F /* MeditationSessionEngine.swift in Sources */,
				183B75FD302CDBFA0078052F /* MeditationStressComparison.swift in Sources */,
				183B75FE302CDBFA0078052F /* MeditationLibraryView.swift in Sources */,
				183B75FF302CDBFA0078052F /* Meditation.swift in Sources */,
				183B7600302CDBFA0078052F /* MeditationPlayerView.swift in Sources */,
				183B7601302CDBFA0078052F /* MeditationCoordinator.swift in Sources */,
				183B758D302377A70078052F /* BiometricEngine.swift in Sources */,
				100000000000000000000104 /* SmartSpectraRunner.mm in Sources */,
				100000000000000000000101 /* SmartSpectraSwiftApp.swift in Sources */,
				183B7614302DFB320078052F /* RecoveryCoordinator.swift in Sources */,
				183B7615302DFB320078052F /* RecoveryModels.swift in Sources */,
				183B7616302DFB320078052F /* RecoveryPanel.swift in Sources */,
				183B7617302DFB320078052F /* RecoveryDetector.swift in Sources */,
			);
			runOnlyForDeploymentPostprocessing = 0;
		};
/* End PBXSourcesBuildPhase section */

/* Begin XCBuildConfiguration section */
		100000000000000000001001 /* Debug */ = {
			isa = XCBuildConfiguration;
			buildSettings = {
				ALWAYS_SEARCH_USER_PATHS = NO;
				CODE_SIGN_STYLE = Automatic;
				CONFIGURATION_BUILD_DIR = "$(PROJECT_DIR)/native_build/$(CONFIGURATION)";
				DEAD_CODE_STRIPPING = YES;
				DEBUG_INFORMATION_FORMAT = dwarf;
				ENABLE_TESTABILITY = YES;
				GCC_OPTIMIZATION_LEVEL = 0;
				INFOPLIST_FILE = swift_ui/Info.plist;
				ONLY_ACTIVE_ARCH = YES;
				OPENCV_INCLUDE_DIR = "$(HOMEBREW_PREFIX)/opt/opencv/include/opencv5";
				PRODUCT_NAME = "$(TARGET_NAME)";
				SWIFT_ACTIVE_COMPILATION_CONDITIONS = DEBUG;
				SWIFT_OPTIMIZATION_LEVEL = "-Onone";
			};
			name = Debug;
		};
		100000000000000000001002 /* Release */ = {
			isa = XCBuildConfiguration;
			buildSettings = {
				ALWAYS_SEARCH_USER_PATHS = NO;
				CODE_SIGN_STYLE = Automatic;
				CONFIGURATION_BUILD_DIR = "$(PROJECT_DIR)/native_build/$(CONFIGURATION)";
				DEAD_CODE_STRIPPING = YES;
				DEBUG_INFORMATION_FORMAT = "dwarf-with-dsym";
				ENABLE_TESTABILITY = NO;
				GCC_OPTIMIZATION_LEVEL = s;
				INFOPLIST_FILE = swift_ui/Info.plist;
				ONLY_ACTIVE_ARCH = NO;
				OPENCV_INCLUDE_DIR = "$(HOMEBREW_PREFIX)/opt/opencv/include/opencv5";
				PRODUCT_NAME = "$(TARGET_NAME)";
				SWIFT_COMPILATION_MODE = wholemodule;
				SWIFT_OPTIMIZATION_LEVEL = "-O";
			};
			name = Release;
		};
		100000000000000000001101 /* Debug */ = {
			isa = XCBuildConfiguration;
			buildSettings = {
				ALWAYS_SEARCH_USER_PATHS = NO;
				CLANG_CXX_LANGUAGE_STANDARD = "c++17";
				CLANG_CXX_LIBRARY = "libc++";
				CLANG_ENABLE_MODULES = YES;
				CLANG_ENABLE_OBJC_ARC = YES;
				CLANG_WARN_BLOCK_CAPTURE_AUTORELEASING = YES;
				CLANG_WARN_BOOL_CONVERSION = YES;
				CLANG_WARN_COMMA = YES;
				CLANG_WARN_CONSTANT_CONVERSION = YES;
				CLANG_WARN_DEPRECATED_OBJC_IMPLEMENTATIONS = YES;
				CLANG_WARN_EMPTY_BODY = YES;
				CLANG_WARN_ENUM_CONVERSION = YES;
				CLANG_WARN_INFINITE_RECURSION = YES;
				CLANG_WARN_INT_CONVERSION = YES;
				CLANG_WARN_NON_LITERAL_NULL_CONVERSION = YES;
				CLANG_WARN_OBJC_IMPLICIT_RETAIN_SELF = YES;
				CLANG_WARN_OBJC_LITERAL_CONVERSION = YES;
				CLANG_WARN_QUOTED_INCLUDE_IN_FRAMEWORK_HEADER = YES;
				CLANG_WARN_RANGE_LOOP_ANALYSIS = YES;
				CLANG_WARN_STRICT_PROTOTYPES = YES;
				CLANG_WARN_SUSPICIOUS_MOVE = YES;
				CLANG_WARN_UNREACHABLE_CODE = YES;
				CLANG_WARN__DUPLICATE_METHOD_MATCH = YES;
				CODE_SIGN_ENTITLEMENTS = smartspectra_swift_ui.entitlements;
				CODE_SIGN_IDENTITY = "Apple Development";
				CODE_SIGN_STYLE = Automatic;
				DEAD_CODE_STRIPPING = YES;
				DEVELOPMENT_TEAM = 252JVT44K7;
				ENABLE_STRICT_OBJC_MSGSEND = YES;
				ENABLE_TESTABILITY = YES;
				ENABLE_USER_SCRIPT_SANDBOXING = YES;
				GCC_NO_COMMON_BLOCKS = YES;
				GCC_WARN_64_TO_32_BIT_CONVERSION = YES;
				GCC_WARN_ABOUT_RETURN_TYPE = YES;
				GCC_WARN_UNDECLARED_SELECTOR = YES;
				GCC_WARN_UNINITIALIZED_AUTOS = YES;
				GCC_WARN_UNUSED_FUNCTION = YES;
				GCC_WARN_UNUSED_VARIABLE = YES;
				HEADER_SEARCH_PATHS = (
					"$(inherited)",
					swift_ui,
					"$(SMARTSPECTRA_INTERFACE_INCLUDE_DIR)",
					"$(SMARTSPECTRA_INCLUDE_DIR)",
					"$(OPENCV_INCLUDE_DIR)",
				);
				HOMEBREW_PREFIX = /opt/homebrew;
				LD_RUNPATH_SEARCH_PATHS = (
					"$(inherited)",
					"$(SMARTSPECTRA_LIB_DIR)",
					"$(HOMEBREW_PREFIX)/lib",
					"@executable_path/../Frameworks",
				);
				LIBRARY_SEARCH_PATHS = (
					"$(inherited)",
					"$(SMARTSPECTRA_LIB_DIR)",
					"$(OPENCV_LIB_DIR)",
					"$(HOMEBREW_PREFIX)/lib",
				);
				MACOSX_DEPLOYMENT_TARGET = 14.0;
				ONLY_ACTIVE_ARCH = YES;
				OPENCV_INCLUDE_DIR = "$(HOMEBREW_PREFIX)/opt/opencv/include/opencv4";
				OPENCV_LIB_DIR = "$(HOMEBREW_PREFIX)/opt/opencv/lib";
				OTHER_LDFLAGS = (
					"$(inherited)",
					"-framework",
					AppKit,
					"$(OPENCV_LIB_DIR)/libopencv_highgui.dylib",
					"$(OPENCV_LIB_DIR)/libopencv_videoio.dylib",
					"$(OPENCV_LIB_DIR)/libopencv_imgcodecs.dylib",
					"$(OPENCV_LIB_DIR)/libopencv_imgproc.dylib",
					"$(OPENCV_LIB_DIR)/libopencv_core.dylib",
					"$(SMARTSPECTRA_LIB_DIR)/libsmartspectra.dylib",
					"$(PROTOBUF_LIB_DIR)/libprotobuf.dylib",
				);
				PRODUCT_BUNDLE_IDENTIFIER = "$(SMARTSPECTRA_BUNDLE_IDENTIFIER)";
				PROTOBUF_LIB_DIR = "$(HOMEBREW_PREFIX)/opt/protobuf/lib";
				SDKROOT = macosx;
				SMARTSPECTRA_BUNDLE_IDENTIFIER = "com.presagetech.smartspectra-swift-ui";
				SMARTSPECTRA_DEVELOPMENT_TEAM = "";
				SMARTSPECTRA_INCLUDE_DIR = "$(SMARTSPECTRA_SDK_ROOT)/include";
				SMARTSPECTRA_INTERFACE_INCLUDE_DIR = "$(SMARTSPECTRA_SDK_ROOT)/include/smartspectra/interface";
				SMARTSPECTRA_LIB_DIR = "$(SMARTSPECTRA_SDK_ROOT)/lib";
				SMARTSPECTRA_SDK_ROOT = "$(HOMEBREW_PREFIX)";
				STRING_CATALOG_GENERATE_SYMBOLS = YES;
				SWIFT_OBJC_BRIDGING_HEADER = swift_ui/SmartSpectraSwiftBridge.h;
				SWIFT_VERSION = 5.0;
			};
			name = Debug;
		};
		100000000000000000001102 /* Release */ = {
			isa = XCBuildConfiguration;
			buildSettings = {
				ALWAYS_SEARCH_USER_PATHS = NO;
				CLANG_CXX_LANGUAGE_STANDARD = "c++17";
				CLANG_CXX_LIBRARY = "libc++";
				CLANG_ENABLE_MODULES = YES;
				CLANG_ENABLE_OBJC_ARC = YES;
				CLANG_WARN_BLOCK_CAPTURE_AUTORELEASING = YES;
				CLANG_WARN_BOOL_CONVERSION = YES;
				CLANG_WARN_COMMA = YES;
				CLANG_WARN_CONSTANT_CONVERSION = YES;
				CLANG_WARN_DEPRECATED_OBJC_IMPLEMENTATIONS = YES;
				CLANG_WARN_EMPTY_BODY = YES;
				CLANG_WARN_ENUM_CONVERSION = YES;
				CLANG_WARN_INFINITE_RECURSION = YES;
				CLANG_WARN_INT_CONVERSION = YES;
				CLANG_WARN_NON_LITERAL_NULL_CONVERSION = YES;
				CLANG_WARN_OBJC_IMPLICIT_RETAIN_SELF = YES;
				CLANG_WARN_OBJC_LITERAL_CONVERSION = YES;
				CLANG_WARN_QUOTED_INCLUDE_IN_FRAMEWORK_HEADER = YES;
				CLANG_WARN_RANGE_LOOP_ANALYSIS = YES;
				CLANG_WARN_STRICT_PROTOTYPES = YES;
				CLANG_WARN_SUSPICIOUS_MOVE = YES;
				CLANG_WARN_UNREACHABLE_CODE = YES;
				CLANG_WARN__DUPLICATE_METHOD_MATCH = YES;
				CODE_SIGN_ENTITLEMENTS = smartspectra_swift_ui.entitlements;
				CODE_SIGN_IDENTITY = "Apple Development";
				CODE_SIGN_STYLE = Automatic;
				DEAD_CODE_STRIPPING = YES;
				DEVELOPMENT_TEAM = 252JVT44K7;
				ENABLE_STRICT_OBJC_MSGSEND = YES;
				ENABLE_USER_SCRIPT_SANDBOXING = YES;
				GCC_NO_COMMON_BLOCKS = YES;
				GCC_WARN_64_TO_32_BIT_CONVERSION = YES;
				GCC_WARN_ABOUT_RETURN_TYPE = YES;
				GCC_WARN_UNDECLARED_SELECTOR = YES;
				GCC_WARN_UNINITIALIZED_AUTOS = YES;
				GCC_WARN_UNUSED_FUNCTION = YES;
				GCC_WARN_UNUSED_VARIABLE = YES;
				HEADER_SEARCH_PATHS = (
					"$(inherited)",
					swift_ui,
					"$(SMARTSPECTRA_INTERFACE_INCLUDE_DIR)",
					"$(SMARTSPECTRA_INCLUDE_DIR)",
					"$(OPENCV_INCLUDE_DIR)",
				);
				HOMEBREW_PREFIX = /opt/homebrew;
				LD_RUNPATH_SEARCH_PATHS = (
					"$(inherited)",
					"$(SMARTSPECTRA_LIB_DIR)",
					"$(HOMEBREW_PREFIX)/lib",
					"@executable_path/../Frameworks",
				);
				LIBRARY_SEARCH_PATHS = (
					"$(inherited)",
					"$(SMARTSPECTRA_LIB_DIR)",
					"$(OPENCV_LIB_DIR)",
					"$(HOMEBREW_PREFIX)/lib",
				);
				MACOSX_DEPLOYMENT_TARGET = 14.0;
				OPENCV_INCLUDE_DIR = "$(HOMEBREW_PREFIX)/opt/opencv/include/opencv4";
				OPENCV_LIB_DIR = "$(HOMEBREW_PREFIX)/opt/opencv/lib";
				OTHER_LDFLAGS = (
					"$(inherited)",
					"-framework",
					AppKit,
					"$(OPENCV_LIB_DIR)/libopencv_highgui.dylib",
					"$(OPENCV_LIB_DIR)/libopencv_videoio.dylib",
					"$(OPENCV_LIB_DIR)/libopencv_imgcodecs.dylib",
					"$(OPENCV_LIB_DIR)/libopencv_imgproc.dylib",
					"$(OPENCV_LIB_DIR)/libopencv_core.dylib",
					"$(SMARTSPECTRA_LIB_DIR)/libsmartspectra.dylib",
					"$(PROTOBUF_LIB_DIR)/libprotobuf.dylib",
				);
				PRODUCT_BUNDLE_IDENTIFIER = "$(SMARTSPECTRA_BUNDLE_IDENTIFIER)";
				PROTOBUF_LIB_DIR = "$(HOMEBREW_PREFIX)/opt/protobuf/lib";
				SDKROOT = macosx;
				SMARTSPECTRA_BUNDLE_IDENTIFIER = "com.presagetech.smartspectra-swift-ui";
				SMARTSPECTRA_DEVELOPMENT_TEAM = "";
				SMARTSPECTRA_INCLUDE_DIR = "$(SMARTSPECTRA_SDK_ROOT)/include";
				SMARTSPECTRA_INTERFACE_INCLUDE_DIR = "$(SMARTSPECTRA_SDK_ROOT)/include/smartspectra/interface";
				SMARTSPECTRA_LIB_DIR = "$(SMARTSPECTRA_SDK_ROOT)/lib";
				SMARTSPECTRA_SDK_ROOT = "$(HOMEBREW_PREFIX)";
				STRING_CATALOG_GENERATE_SYMBOLS = YES;
				SWIFT_OBJC_BRIDGING_HEADER = swift_ui/SmartSpectraSwiftBridge.h;
				SWIFT_VERSION = 5.0;
			};
			name = Release;
		};
/* End XCBuildConfiguration section */

/* Begin XCConfigurationList section */
		100000000000000000000601 /* Build configuration list for PBXNativeTarget "smartspectra_swift_ui" */ = {
			isa = XCConfigurationList;
			buildConfigurations = (
				100000000000000000001001 /* Debug */,
				100000000000000000001002 /* Release */,
			);
			defaultConfigurationIsVisible = 0;
			defaultConfigurationName = Debug;
		};
		100000000000000000000901 /* Build configuration list for PBXProject "smartspectra_swift_ui" */ = {
			isa = XCConfigurationList;
			buildConfigurations = (
				100000000000000000001101 /* Debug */,
				100000000000000000001102 /* Release */,
			);
			defaultConfigurationIsVisible = 0;
			defaultConfigurationName = Debug;
		};
/* End XCConfigurationList section */
	};
	rootObject = 100000000000000000000801 /* Project object */;
}
